<?xml version="1.0" encoding="utf-8"?>
<Project ToolsVersion="4.0" xmlns="http://schemas.microsoft.com/developer/msbuild/2003">
  <ItemGroup>
    <ClCompile Include="Dependencies\Core.cpp" />
    <ClCompile Include="src\Class\Observer\Achievement.cpp" />
    <ClCompile Include="src\Class\Observer\Observer.cpp" />
    <ClCompile Include="src\Class\Controller\Controller.cpp" />
    <ClCompile Include="src\Class\AActor\AActor.cpp" />
    <ClCompile Include="src\Class\Command\MoveCommand.cpp" />
    <ClCompile Include="src\Class\Command\Command.cpp" />
    <ClCompile Include="src\Class\FVector\FVector.cpp" />
    <ClCompile Include="src\NameSpace\B.cpp" />
    <ClCompile Include="src\Source.cpp" />
    <ClCompile Include="src\Class\User\User.cpp" />
  </ItemGroup>
  <ItemGroup>
    <ClInclude Include="src\Class\Entity\Entity.h" />
    <ClInclude Include="src\Class\FString\FString.h" />
    <ClInclude Include="src\Class\Observer\Achievement.h" />
    <ClInclude Include="Dependencies\Core.h" />
    <ClInclude Include="src\Class\Observer\Observer.h" />
    <ClInclude Include="src\Class\Controller\Controller.h" />
    <ClInclude Include="src\Class\AActor\AActor.h" />
    <ClInclude Include="src\Class\Command\MoveCommand.h" />
    <ClInclude Include="src\Class\Command\Command.h" />
    <ClInclude Include="Dependencies\bits\bits-stdc++.h" />
    <ClInclude Include="src\Class\FMath\FMath.hpp" />
    <ClInclude Include="src\Class\FVector\FVector.h" />
    <ClInclude Include="src\Class\Singleton\Singleton.h" />
    <ClInclude Include="src\Class\User\User.h" />
    <ClInclude Include="src\NameSpace\A.h" />
    <ClInclude Include="src\NameSpace\B.h" />
    <ClInclude Include="Dependencies\TArray\TArray.hpp" />
  </ItemGroup>
</Project>